
Microsoft Visual Studio Solution File, Format Version 12.00
# Visual Studio Version 17
VisualStudioVersion = 17.4.33213.308
MinimumVisualStudioVersion = 10.0.40219.1
Project("{FAE04EC0-301F-11D3-BF4B-00C04F79EFBC}") = "LayeredApi", "LayeredApi\LayeredApi.csproj", "{FCAF5419-8604-4E15-ADEE-F4075A94B993}"
EndProject
Project("{FAE04EC0-301F-11D3-BF4B-00C04F79EFBC}") = "EmployeeRepositories", "EmployeeRepositories\EmployeeRepositories.csproj", "{7CA1C400-1562-4842-A166-893A4D6C7B89}"
EndProject
Global
	GlobalSection(SolutionConfigurationPlatforms) = preSolution
		Debug|Any CPU = Debug|Any CPU
		Release|Any CPU = Release|Any CPU
	EndGlobalSection
	GlobalSection(ProjectConfigurationPlatforms) = postSolution
		{FCAF5419-8604-4E15-ADEE-F4075A94B993}.Debug|Any CPU.ActiveCfg = Debug|Any CPU
		{FCAF5419-8604-4E15-ADEE-F4075A94B993}.Debug|Any CPU.Build.0 = Debug|Any CPU
		{FCAF5419-8604-4E15-ADEE-F4075A94B993}.Release|Any CPU.ActiveCfg = Release|Any CPU
		{FCAF5419-8604-4E15-ADEE-F4075A94B993}.Release|Any CPU.Build.0 = Release|Any CPU
		{7CA1C400-1562-4842-A166-893A4D6C7B89}.Debug|Any CPU.ActiveCfg = Debug|Any CPU
		{7CA1C400-1562-4842-A166-893A4D6C7B89}.Debug|Any CPU.Build.0 = Debug|Any CPU
		{7CA1C400-1562-4842-A166-893A4D6C7B89}.Release|Any CPU.ActiveCfg = Release|Any CPU
		{7CA1C400-1562-4842-A166-893A4D6C7B89}.Release|Any CPU.Build.0 = Release|Any CPU
	EndGlobalSection
	GlobalSection(SolutionProperties) = preSolution
		HideSolutionNode = FALSE
	EndGlobalSection
	GlobalSection(ExtensibilityGlobals) = postSolution
		SolutionGuid = {E09EBBDF-13D6-49A4-BCD3-D4606819B2DA}
	EndGlobalSection
EndGlobal
